
Microsoft Visual Studio Solution File, Format Version 12.00
# Visual Studio Version 16
VisualStudioVersion = 16.0.30804.86
MinimumVisualStudioVersion = 10.0.40219.1
Project("{FAE04EC0-301F-11D3-BF4B-00C04F79EFBC}") = "assingment 7 auction", "assingment 7 auction\assingment 7 auction.csproj", "{4922FF1C-21AC-464D-83E5-64CA5F7B2016}"
EndProject
Global
	GlobalSection(SolutionConfigurationPlatforms) = preSolution
		Debug|Any CPU = Debug|Any CPU
		Release|Any CPU = Release|Any CPU
	EndGlobalSection
	GlobalSection(ProjectConfigurationPlatforms) = postSolution
		{4922FF1C-21AC-464D-83E5-64CA5F7B2016}.Debug|Any CPU.ActiveCfg = Debug|Any CPU
		{4922FF1C-21AC-464D-83E5-64CA5F7B2016}.Debug|Any CPU.Build.0 = Debug|Any CPU
		{4922FF1C-21AC-464D-83E5-64CA5F7B2016}.Release|Any CPU.ActiveCfg = Release|Any CPU
		{4922FF1C-21AC-464D-83E5-64CA5F7B2016}.Release|Any CPU.Build.0 = Release|Any CPU
	EndGlobalSection
	GlobalSection(SolutionProperties) = preSolution
		HideSolutionNode = FALSE
	EndGlobalSection
	GlobalSection(ExtensibilityGlobals) = postSolution
		SolutionGuid = {3D453468-2932-4A2D-AD53-9BD6EF7A6277}
	EndGlobalSection
EndGlobal
